
Microsoft Visual Studio Solution File, Format Version 12.00
# Visual Studio 14
VisualStudioVersion = 14.0.25123.0
MinimumVisualStudioVersion = 10.0.40219.1
Project("{FAE04EC0-301F-11D3-BF4B-00C04F79EFBC}") = "AsyncAgent", "AsyncAgent\AsyncAgent.csproj", "{DB1B6EF2-7E27-4A21-B82A-6D6FA29EE03B}"
EndProject
Project("{FAE04EC0-301F-11D3-BF4B-00C04F79EFBC}") = "AsyncAgent.Tests", "AsyncAgent.Tests\AsyncAgent.Tests.csproj", "{C720CB68-4566-40B6-B813-8998ED7FBA2A}"
EndProject
Project("{FAE04EC0-301F-11D3-BF4B-00C04F79EFBC}") = "Playground", "Playground\Playground.csproj", "{C2ADBDB7-85C0-4D75-94E7-DA6266DD178B}"
EndProject
Project("{FAE04EC0-301F-11D3-BF4B-00C04F79EFBC}") = "AsyncAgent.Reactive", "AsyncAgent.Reactive\AsyncAgent.Reactive.csproj", "{871743D1-4BBA-44F5-87EA-0ACD733E8DB1}"
EndProject
Project("{FAE04EC0-301F-11D3-BF4B-00C04F79EFBC}") = "AsyncAgent.Reactive.Tests", "AsyncAgent.Reactive.Tests\AsyncAgent.Reactive.Tests.csproj", "{BF9DE759-9069-4CDB-898B-8AFCB3940140}"
EndProject
Global
	GlobalSection(SolutionConfigurationPlatforms) = preSolution
		Debug|Any CPU = Debug|Any CPU
		Release|Any CPU = Release|Any CPU
	EndGlobalSection
	GlobalSection(ProjectConfigurationPlatforms) = postSolution
		{DB1B6EF2-7E27-4A21-B82A-6D6FA29EE03B}.Debug|Any CPU.ActiveCfg = Debug|Any CPU
		{DB1B6EF2-7E27-4A21-B82A-6D6FA29EE03B}.Debug|Any CPU.Build.0 = Debug|Any CPU
		{DB1B6EF2-7E27-4A21-B82A-6D6FA29EE03B}.Release|Any CPU.ActiveCfg = Release|Any CPU
		{DB1B6EF2-7E27-4A21-B82A-6D6FA29EE03B}.Release|Any CPU.Build.0 = Release|Any CPU
		{C720CB68-4566-40B6-B813-8998ED7FBA2A}.Debug|Any CPU.ActiveCfg = Debug|Any CPU
		{C720CB68-4566-40B6-B813-8998ED7FBA2A}.Debug|Any CPU.Build.0 = Debug|Any CPU
		{C720CB68-4566-40B6-B813-8998ED7FBA2A}.Release|Any CPU.ActiveCfg = Release|Any CPU
		{C720CB68-4566-40B6-B813-8998ED7FBA2A}.Release|Any CPU.Build.0 = Release|Any CPU
		{C2ADBDB7-85C0-4D75-94E7-DA6266DD178B}.Debug|Any CPU.ActiveCfg = Debug|Any CPU
		{C2ADBDB7-85C0-4D75-94E7-DA6266DD178B}.Debug|Any CPU.Build.0 = Debug|Any CPU
		{C2ADBDB7-85C0-4D75-94E7-DA6266DD178B}.Release|Any CPU.ActiveCfg = Release|Any CPU
		{C2ADBDB7-85C0-4D75-94E7-DA6266DD178B}.Release|Any CPU.Build.0 = Release|Any CPU
		{871743D1-4BBA-44F5-87EA-0ACD733E8DB1}.Debug|Any CPU.ActiveCfg = Debug|Any CPU
		{871743D1-4BBA-44F5-87EA-0ACD733E8DB1}.Debug|Any CPU.Build.0 = Debug|Any CPU
		{871743D1-4BBA-44F5-87EA-0ACD733E8DB1}.Release|Any CPU.ActiveCfg = Release|Any CPU
		{871743D1-4BBA-44F5-87EA-0ACD733E8DB1}.Release|Any CPU.Build.0 = Release|Any CPU
		{BF9DE759-9069-4CDB-898B-8AFCB3940140}.Debug|Any CPU.ActiveCfg = Debug|Any CPU
		{BF9DE759-9069-4CDB-898B-8AFCB3940140}.Debug|Any CPU.Build.0 = Debug|Any CPU
		{BF9DE759-9069-4CDB-898B-8AFCB3940140}.Release|Any CPU.ActiveCfg = Release|Any CPU
		{BF9DE759-9069-4CDB-898B-8AFCB3940140}.Release|Any CPU.Build.0 = Release|Any CPU
	EndGlobalSection
	GlobalSection(SolutionProperties) = preSolution
		HideSolutionNode = FALSE
	EndGlobalSection
EndGlobal
